lockfileVersion: '6.0'

settings:
  autoInstallPeers: true
  excludeLinksFromLockfile: false

dependencies:
  is_js:
    specifier: 0.9.0
    version: 0.9.0

packages:

  /is_js@0.9.0:
    resolution: {integrity: sha512-8Y5EHSH+TonfUHX2g3pMJljdbGavg55q4jmHzghJCdqYDbdNROC8uw/YFQwIRCRqRJT1EY3pJefz+kglw+o7sg==}
    dev: false
